
Microsoft Visual Studio Solution File, Format Version 12.00
# Visual Studio Version 17
VisualStudioVersion = 17.0.31903.59
MinimumVisualStudioVersion = 10.0.40219.1
Project("{2150E333-8FDC-42A3-9474-1A3956D46DE8}") = "src", "src", "{C6BDCE8B-D363-4017-A394-BE3BA5C1F65E}"
EndProject
Project("{FAE04EC0-301F-11D3-BF4B-00C04F79EFBC}") = "Sqwads.API", "src\Sqwads.API\Sqwads.API.csproj", "{EF4807A1-CC28-4744-956F-32E34626D297}"
EndProject
Global
	GlobalSection(SolutionConfigurationPlatforms) = preSolution
		Debug|Any CPU = Debug|Any CPU
		Release|Any CPU = Release|Any CPU
	EndGlobalSection
	GlobalSection(SolutionProperties) = preSolution
		HideSolutionNode = FALSE
	EndGlobalSection
	GlobalSection(ProjectConfigurationPlatforms) = postSolution
		{EF4807A1-CC28-4744-956F-32E34626D297}.Debug|Any CPU.ActiveCfg = Debug|Any CPU
		{EF4807A1-CC28-4744-956F-32E34626D297}.Debug|Any CPU.Build.0 = Debug|Any CPU
		{EF4807A1-CC28-4744-956F-32E34626D297}.Release|Any CPU.ActiveCfg = Release|Any CPU
		{EF4807A1-CC28-4744-956F-32E34626D297}.Release|Any CPU.Build.0 = Release|Any CPU
	EndGlobalSection
	GlobalSection(NestedProjects) = preSolution
		{EF4807A1-CC28-4744-956F-32E34626D297} = {C6BDCE8B-D363-4017-A394-BE3BA5C1F65E}
	EndGlobalSection
EndGlobal
